
Microsoft Visual Studio Solution File, Format Version 12.00
# Visual Studio Version 16
VisualStudioVersion = 16.0.31729.503
MinimumVisualStudioVersion = 10.0.40219.1
Project("{FAE04EC0-301F-11D3-BF4B-00C04F79EFBC}") = "IEC77C_ADT_2022_23_1.Client", "IEC77C_ADT_2022_23_1.Client\IEC77C_ADT_2022_23_1.Client.csproj", "{0CAA9FFA-E77E-4B50-A6E7-38C1B715DD8A}"
EndProject
Project("{FAE04EC0-301F-11D3-BF4B-00C04F79EFBC}") = "IEC77C_ADT_2022_23_1.Models", "IEC77C_ADT_2022_23_1.Models\IEC77C_ADT_2022_23_1.Models.csproj", "{68CD3616-2397-444B-ACA1-2B500A643B8D}"
EndProject
Project("{FAE04EC0-301F-11D3-BF4B-00C04F79EFBC}") = "IEC77C_ADT_2022_23_1.Data", "IEC77C_ADT_2022_23_1.Data\IEC77C_ADT_2022_23_1.Data.csproj", "{5B75365D-684A-4288-A038-5DB765F6EC13}"
EndProject
Project("{FAE04EC0-301F-11D3-BF4B-00C04F79EFBC}") = "IEC77C_ADT_2022_23_1.Logic", "IEC77C_ADT_2022_23_1.Logic\IEC77C_ADT_2022_23_1.Logic.csproj", "{BE3AA015-0277-4D56-82D5-57569654E23E}"
EndProject
Project("{FAE04EC0-301F-11D3-BF4B-00C04F79EFBC}") = "IEC77C_ADT_2022_23_1.Repository", "IEC77C_ADT_2022_23_1.Repository\IEC77C_ADT_2022_23_1.Repository.csproj", "{BBF710F1-1D40-4CB3-90DE-35B211602D7E}"
EndProject
Project("{FAE04EC0-301F-11D3-BF4B-00C04F79EFBC}") = "IEC77C_ADT_2022_23_1.Endpoint", "IEC77C_ADT_2022_23_1.Endpoint\IEC77C_ADT_2022_23_1.Endpoint.csproj", "{7214EC3F-1583-4B2D-BB5B-F4497D908DEE}"
EndProject
Project("{FAE04EC0-301F-11D3-BF4B-00C04F79EFBC}") = "IEC77C_ADT_2022_23_1.Test", "IEC77C_ADT_2022_23_1.Test\IEC77C_ADT_2022_23_1.Test.csproj", "{DBFC0164-93B5-4CCA-9B29-7A7A1555853C}"
EndProject
Project("{2150E333-8FDC-42A3-9474-1A3956D46DE8}") = "Backend", "Backend", "{E43892BD-A6DF-4021-AE13-19058A28E5FC}"
EndProject
Project("{2150E333-8FDC-42A3-9474-1A3956D46DE8}") = "Frontend", "Frontend", "{657254C7-BA23-41B1-8F3D-E66219188C3B}"
EndProject
Project("{2150E333-8FDC-42A3-9474-1A3956D46DE8}") = "Shared", "Shared", "{57E184C8-DBC8-417A-9408-9DD558A6D308}"
EndProject
Project("{2150E333-8FDC-42A3-9474-1A3956D46DE8}") = "Other", "Other", "{F1EED2C1-CD84-466B-A2D3-7655D2285840}"
	ProjectSection(SolutionItems) = preProject
		.gitignore = .gitignore
	EndProjectSection
EndProject
Global
	GlobalSection(SolutionConfigurationPlatforms) = preSolution
		Debug|Any CPU = Debug|Any CPU
		Release|Any CPU = Release|Any CPU
	EndGlobalSection
	GlobalSection(ProjectConfigurationPlatforms) = postSolution
		{0CAA9FFA-E77E-4B50-A6E7-38C1B715DD8A}.Debug|Any CPU.ActiveCfg = Debug|Any CPU
		{0CAA9FFA-E77E-4B50-A6E7-38C1B715DD8A}.Debug|Any CPU.Build.0 = Debug|Any CPU
		{0CAA9FFA-E77E-4B50-A6E7-38C1B715DD8A}.Release|Any CPU.ActiveCfg = Release|Any CPU
		{0CAA9FFA-E77E-4B50-A6E7-38C1B715DD8A}.Release|Any CPU.Build.0 = Release|Any CPU
		{68CD3616-2397-444B-ACA1-2B500A643B8D}.Debug|Any CPU.ActiveCfg = Debug|Any CPU
		{68CD3616-2397-444B-ACA1-2B500A643B8D}.Debug|Any CPU.Build.0 = Debug|Any CPU
		{68CD3616-2397-444B-ACA1-2B500A643B8D}.Release|Any CPU.ActiveCfg = Release|Any CPU
		{68CD3616-2397-444B-ACA1-2B500A643B8D}.Release|Any CPU.Build.0 = Release|Any CPU
		{5B75365D-684A-4288-A038-5DB765F6EC13}.Debug|Any CPU.ActiveCfg = Debug|Any CPU
		{5B75365D-684A-4288-A038-5DB765F6EC13}.Debug|Any CPU.Build.0 = Debug|Any CPU
		{5B75365D-684A-4288-A038-5DB765F6EC13}.Release|Any CPU.ActiveCfg = Release|Any CPU
		{5B75365D-684A-4288-A038-5DB765F6EC13}.Release|Any CPU.Build.0 = Release|Any CPU
		{BE3AA015-0277-4D56-82D5-57569654E23E}.Debug|Any CPU.ActiveCfg = Debug|Any CPU
		{BE3AA015-0277-4D56-82D5-57569654E23E}.Debug|Any CPU.Build.0 = Debug|Any CPU
		{BE3AA015-0277-4D56-82D5-57569654E23E}.Release|Any CPU.ActiveCfg = Release|Any CPU
		{BE3AA015-0277-4D56-82D5-57569654E23E}.Release|Any CPU.Build.0 = Release|Any CPU
		{BBF710F1-1D40-4CB3-90DE-35B211602D7E}.Debug|Any CPU.ActiveCfg = Debug|Any CPU
		{BBF710F1-1D40-4CB3-90DE-35B211602D7E}.Debug|Any CPU.Build.0 = Debug|Any CPU
		{BBF710F1-1D40-4CB3-90DE-35B211602D7E}.Release|Any CPU.ActiveCfg = Release|Any CPU
		{BBF710F1-1D40-4CB3-90DE-35B211602D7E}.Release|Any CPU.Build.0 = Release|Any CPU
		{7214EC3F-1583-4B2D-BB5B-F4497D908DEE}.Debug|Any CPU.ActiveCfg = Debug|Any CPU
		{7214EC3F-1583-4B2D-BB5B-F4497D908DEE}.Debug|Any CPU.Build.0 = Debug|Any CPU
		{7214EC3F-1583-4B2D-BB5B-F4497D908DEE}.Release|Any CPU.ActiveCfg = Release|Any CPU
		{7214EC3F-1583-4B2D-BB5B-F4497D908DEE}.Release|Any CPU.Build.0 = Release|Any CPU
		{DBFC0164-93B5-4CCA-9B29-7A7A1555853C}.Debug|Any CPU.ActiveCfg = Debug|Any CPU
		{DBFC0164-93B5-4CCA-9B29-7A7A1555853C}.Debug|Any CPU.Build.0 = Debug|Any CPU
		{DBFC0164-93B5-4CCA-9B29-7A7A1555853C}.Release|Any CPU.ActiveCfg = Release|Any CPU
		{DBFC0164-93B5-4CCA-9B29-7A7A1555853C}.Release|Any CPU.Build.0 = Release|Any CPU
	EndGlobalSection
	GlobalSection(SolutionProperties) = preSolution
		HideSolutionNode = FALSE
	EndGlobalSection
	GlobalSection(NestedProjects) = preSolution
		{0CAA9FFA-E77E-4B50-A6E7-38C1B715DD8A} = {657254C7-BA23-41B1-8F3D-E66219188C3B}
		{68CD3616-2397-444B-ACA1-2B500A643B8D} = {57E184C8-DBC8-417A-9408-9DD558A6D308}
		{5B75365D-684A-4288-A038-5DB765F6EC13} = {E43892BD-A6DF-4021-AE13-19058A28E5FC}
		{BE3AA015-0277-4D56-82D5-57569654E23E} = {E43892BD-A6DF-4021-AE13-19058A28E5FC}
		{BBF710F1-1D40-4CB3-90DE-35B211602D7E} = {E43892BD-A6DF-4021-AE13-19058A28E5FC}
		{7214EC3F-1583-4B2D-BB5B-F4497D908DEE} = {E43892BD-A6DF-4021-AE13-19058A28E5FC}
		{DBFC0164-93B5-4CCA-9B29-7A7A1555853C} = {E43892BD-A6DF-4021-AE13-19058A28E5FC}
	EndGlobalSection
	GlobalSection(ExtensibilityGlobals) = postSolution
		SolutionGuid = {B586D214-B4C1-4208-AB1B-84EA865F1565}
	EndGlobalSection
EndGlobal
